// !$*UTF8*$!
{
	archiveVersion = 1;
	classes = {
	};
	objectVersion = 56;
	objects = {

/* Begin PBXBuildFile section */
		7E79813628E8DBFC0064DA4F /* AppDelegate.swift in Sources */ = {isa = PBXBuildFile; fileRef = 7E79813528E8DBFC0064DA4F /* AppDelegate.swift */; };
		7E79813828E8DBFC0064DA4F /* ContentView.swift in Sources */ = {isa = PBXBuildFile; fileRef = 7E79813728E8DBFC0064DA4F /* ContentView.swift */; };
		7E79813A28E8DBFC0064DA4F /* Experience.rcproject in Sources */ = {isa = PBXBuildFile; fileRef = 7E79813928E8DBFC0064DA4F /* Experience.rcproject */; };
		7E79813C28E8DBFD0064DA4F /* Assets.xcassets in Resources */ = {isa = PBXBuildFile; fileRef = 7E79813B28E8DBFD0064DA4F /* Assets.xcassets */; };
		7E79813F28E8DBFD0064DA4F /* Preview Assets.xcassets in Resources */ = {isa = PBXBuildFile; fileRef = 7E79813E28E8DBFD0064DA4F /* Preview Assets.xcassets */; };
		7E79814928E8DBFD0064DA4F /* RayTests.swift in Sources */ = {isa = PBXBuildFile; fileRef = 7E79814828E8DBFD0064DA4F /* RayTests.swift */; };
		7E79815328E8DBFD0064DA4F /* RayUITests.swift in Sources */ = {isa = PBXBuildFile; fileRef = 7E79815228E8DBFD0064DA4F /* RayUITests.swift */; };
		7E79815528E8DBFD0064DA4F /* RayUITestsLaunchTests.swift in Sources */ = {isa = PBXBuildFile; fileRef = 7E79815428E8DBFD0064DA4F /* RayUITestsLaunchTests.swift */; };
/* End PBXBuildFile section */

/* Begin PBXContainerItemProxy section */
		7E79814528E8DBFD0064DA4F /* PBXContainerItemProxy */ = {
			isa = PBXContainerItemProxy;
			containerPortal = 7E79812A28E8DBFC0064DA4F /* Project object */;
			proxyType = 1;
			remoteGlobalIDString = 7E79813128E8DBFC0064DA4F;
			remoteInfo = Ray;
		};
		7E79814F28E8DBFD0064DA4F /* PBXContainerItemProxy */ = {
			isa = PBXContainerItemProxy;
			containerPortal = 7E79812A28E8DBFC0064DA4F /* Project object */;
			proxyType = 1;
			remoteGlobalIDString = 7E79813128E8DBFC0064DA4F;
			remoteInfo = Ray;
		};
/* End PBXContainerItemProxy section */

/* Begin PBXFileReference section */
		7E79813228E8DBFC0064DA4F /* Ray.app */ = {isa = PBXFileReference; explicitFileType = wrapper.application; includeInIndex = 0; path = Ray.app; sourceTree = BUILT_PRODUCTS_DIR; };
		7E79813528E8DBFC0064DA4F /* AppDelegate.swift */ = {isa = PBXFileReference; lastKnownFileType = sourcecode.swift; path = AppDelegate.swift; sourceTree = "<group>"; };
		7E79813728E8DBFC0064DA4F /* ContentView.swift */ = {isa = PBXFileReference; lastKnownFileType = sourcecode.swift; path = ContentView.swift; sourceTree = "<group>"; };
		7E79813928E8DBFC0064DA4F /* Experience.rcproject */ = {isa = PBXFileReference; lastKnownFileType = file.rcproject; path = Experience.rcproject; sourceTree = "<group>"; };
		7E79813B28E8DBFD0064DA4F /* Assets.xcassets */ = {isa = PBXFileReference; lastKnownFileType = folder.assetcatalog; path = Assets.xcassets; sourceTree = "<group>"; };
		7E79813E28E8DBFD0064DA4F /* Preview Assets.xcassets */ = {isa = PBXFileReference; lastKnownFileType = folder.assetcatalog; path = "Preview Assets.xcassets"; sourceTree = "<group>"; };
		7E79814428E8DBFD0064DA4F /* RayTests.xctest */ = {isa = PBXFileReference; explicitFileType = wrapper.cfbundle; includeInIndex = 0; path = RayTests.xctest; sourceTree = BUILT_PRODUCTS_DIR; };
		7E79814828E8DBFD0064DA4F /* RayTests.swift */ = {isa = PBXFileReference; lastKnownFileType = sourcecode.swift; path = RayTests.swift; sourceTree = "<group>"; };
		7E79814E28E8DBFD0064DA4F /* RayUITests.xctest */ = {isa = PBXFileReference; explicitFileType = wrapper.cfbundle; includeInIndex = 0; path = RayUITests.xctest; sourceTree = BUILT_PRODUCTS_DIR; };
		7E79815228E8DBFD0064DA4F /* RayUITests.swift */ = {isa = PBXFileReference; lastKnownFileType = sourcecode.swift; path = RayUITests.swift; sourceTree = "<group>"; };
		7E79815428E8DBFD0064DA4F /* RayUITestsLaunchTests.swift */ = {isa = PBXFileReference; lastKnownFileType = sourcecode.swift; path = RayUITestsLaunchTests.swift; sourceTree = "<group>"; };
/* End PBXFileReference section */

/* Begin PBXFrameworksBuildPhase section */
		7E79812F28E8DBFC0064DA4F /* Frameworks */ = {
			isa = PBXFrameworksBuildPhase;
			buildActionMask = 2147483647;
			files = (
			);
			runOnlyForDeploymentPostprocessing = 0;
		};
		7E79814128E8DBFD0064DA4F /* Frameworks */ = {
			isa = PBXFrameworksBuildPhase;
			buildActionMask = 2147483647;
			files = (
			);
			runOnlyForDeploymentPostprocessing = 0;
		};
		7E79814B28E8DBFD0064DA4F /* Frameworks */ = {
			isa = PBXFrameworksBuildPhase;
			buildActionMask = 2147483647;
			files = (
			);
			runOnlyForDeploymentPostprocessing = 0;
		};
/* End PBXFrameworksBuildPhase section */

/* Begin PBXGroup section */
		7E79812928E8DBFC0064DA4F = {
			isa = PBXGroup;
			children = (
				7E79813428E8DBFC0064DA4F /* Ray */,
				7E79814728E8DBFD0064DA4F /* RayTests */,
				7E79815128E8DBFD0064DA4F /* RayUITests */,
				7E79813328E8DBFC0064DA4F /* Products */,
			);
			sourceTree = "<group>";
		};
		7E79813328E8DBFC0064DA4F /* Products */ = {
			isa = PBXGroup;
			children = (
				7E79813228E8DBFC0064DA4F /* Ray.app */,
				7E79814428E8DBFD0064DA4F /* RayTests.xctest */,
				7E79814E28E8DBFD0064DA4F /* RayUITests.xctest */,
			);
			name = Products;
			sourceTree = "<group>";
		};
		7E79813428E8DBFC0064DA4F /* Ray */ = {
			isa = PBXGroup;
			children = (
				7E79813528E8DBFC0064DA4F /* AppDelegate.swift */,
				7E79813728E8DBFC0064DA4F /* ContentView.swift */,
				7E79813928E8DBFC0064DA4F /* Experience.rcproject */,
				7E79813B28E8DBFD0064DA4F /* Assets.xcassets */,
				7E79813D28E8DBFD0064DA4F /* Preview Content */,
			);
			path = Ray;
			sourceTree = "<group>";
		};
		7E79813D28E8DBFD0064DA4F /* Preview Content */ = {
			isa = PBXGroup;
			children = (
				7E79813E28E8DBFD0064DA4F /* Preview Assets.xcassets */,
			);
			path = "Preview Content";
			sourceTree = "<group>";
		};
		7E79814728E8DBFD0064DA4F /* RayTests */ = {
			isa = PBXGroup;
			children = (
				7E79814828E8DBFD0064DA4F /* RayTests.swift */,
			);
			path = RayTests;
			sourceTree = "<group>";
		};
		7E79815128E8DBFD0064DA4F /* RayUITests */ = {
			isa = PBXGroup;
			children = (
				7E79815228E8DBFD0064DA4F /* RayUITests.swift */,
				7E79815428E8DBFD0064DA4F /* RayUITestsLaunchTests.swift */,
			);
			path = RayUITests;
			sourceTree = "<group>";
		};
/* End PBXGroup section */

/* Begin PBXNativeTarget section */
		7E79813128E8DBFC0064DA4F /* Ray */ = {
			isa = PBXNativeTarget;
			buildConfigurationList = 7E79815828E8DBFD0064DA4F /* Build configuration list for PBXNativeTarget "Ray" */;
			buildPhases = (
				7E79812E28E8DBFC0064DA4F /* Sources */,
				7E79812F28E8DBFC0064DA4F /* Frameworks */,
				7E79813028E8DBFC0064DA4F /* Resources */,
			);
			buildRules = (
			);
			dependencies = (
			);
			name = Ray;
			productName = Ray;
			productReference = 7E79813228E8DBFC0064DA4F /* Ray.app */;
			productType = "com.apple.product-type.application";
		};
		7E79814328E8DBFD0064DA4F /* RayTests */ = {
			isa = PBXNativeTarget;
			buildConfigurationList = 7E79815B28E8DBFD0064DA4F /* Build configuration list for PBXNativeTarget "RayTests" */;
			buildPhases = (
				7E79814028E8DBFD0064DA4F /* Sources */,
				7E79814128E8DBFD0064DA4F /* Frameworks */,
				7E79814228E8DBFD0064DA4F /* Resources */,
			);
			buildRules = (
			);
			dependencies = (
				7E79814628E8DBFD0064DA4F /* PBXTargetDependency */,
			);
			name = RayTests;
			productName = RayTests;
			productReference = 7E79814428E8DBFD0064DA4F /* RayTests.xctest */;
			productType = "com.apple.product-type.bundle.unit-test";
		};
		7E79814D28E8DBFD0064DA4F /* RayUITests */ = {
			isa = PBXNativeTarget;
			buildConfigurationList = 7E79815E28E8DBFD0064DA4F /* Build configuration list for PBXNativeTarget "RayUITests" */;
			buildPhases = (
				7E79814A28E8DBFD0064DA4F /* Sources */,
				7E79814B28E8DBFD0064DA4F /* Frameworks */,
				7E79814C28E8DBFD0064DA4F /* Resources */,
			);
			buildRules = (
			);
			dependencies = (
				7E79815028E8DBFD0064DA4F /* PBXTargetDependency */,
			);
			name = RayUITests;
			productName = RayUITests;
			productReference = 7E79814E28E8DBFD0064DA4F /* RayUITests.xctest */;
			productType = "com.apple.product-type.bundle.ui-testing";
		};
/* End PBXNativeTarget section */

/* Begin PBXProject section */
		7E79812A28E8DBFC0064DA4F /* Project object */ = {
			isa = PBXProject;
			attributes = {
				BuildIndependentTargetsInParallel = 1;
				LastSwiftUpdateCheck = 1400;
				LastUpgradeCheck = 1400;
				TargetAttributes = {
					7E79813128E8DBFC0064DA4F = {
						CreatedOnToolsVersion = 14.0;
					};
					7E79814328E8DBFD0064DA4F = {
						CreatedOnToolsVersion = 14.0;
						TestTargetID = 7E79813128E8DBFC0064DA4F;
					};
					7E79814D28E8DBFD0064DA4F = {
						CreatedOnToolsVersion = 14.0;
						TestTargetID = 7E79813128E8DBFC0064DA4F;
					};
				};
			};
			buildConfigurationList = 7E79812D28E8DBFC0064DA4F /* Build configuration list for PBXProject "Ray" */;
			compatibilityVersion = "Xcode 14.0";
			developmentRegion = en;
			hasScannedForEncodings = 0;
			knownRegions = (
				en,
				Base,
			);
			mainGroup = 7E79812928E8DBFC0064DA4F;
			productRefGroup = 7E79813328E8DBFC0064DA4F /* Products */;
			projectDirPath = "";
			projectRoot = "";
			targets = (
				7E79813128E8DBFC0064DA4F /* Ray */,
				7E79814328E8DBFD0064DA4F /* RayTests */,
				7E79814D28E8DBFD0064DA4F /* RayUITests */,
			);
		};
/* End PBXProject section */

/* Begin PBXResourcesBuildPhase section */
		7E79813028E8DBFC0064DA4F /* Resources */ = {
			isa = PBXResourcesBuildPhase;
			buildActionMask = 2147483647;
			files = (
				7E79813F28E8DBFD0064DA4F /* Preview Assets.xcassets in Resources */,
				7E79813C28E8DBFD0064DA4F /* Assets.xcassets in Resources */,
			);
			runOnlyForDeploymentPostprocessing = 0;
		};
		7E79814228E8DBFD0064DA4F /* Resources */ = {
			isa = PBXResourcesBuildPhase;
			buildActionMask = 2147483647;
			files = (
			);
			runOnlyForDeploymentPostprocessing = 0;
		};
		7E79814C28E8DBFD0064DA4F /* Resources */ = {
			isa = PBXResourcesBuildPhase;
			buildActionMask = 2147483647;
			files = (
			);
			runOnlyForDeploymentPostprocessing = 0;
		};
/* End PBXResourcesBuildPhase section */

/* Begin PBXSourcesBuildPhase section */
		7E79812E28E8DBFC0064DA4F /* Sources */ = {
			isa = PBXSourcesBuildPhase;
			buildActionMask = 2147483647;
			files = (
				7E79813828E8DBFC0064DA4F /* ContentView.swift in Sources */,
				7E79813628E8DBFC0064DA4F /* AppDelegate.swift in Sources */,
				7E79813A28E8DBFC0064DA4F /* Experience.rcproject in Sources */,
			);
			runOnlyForDeploymentPostprocessing = 0;
		};
		7E79814028E8DBFD0064DA4F /* Sources */ = {
			isa = PBXSourcesBuildPhase;
			buildActionMask = 2147483647;
			files = (
				7E79814928E8DBFD0064DA4F /* RayTests.swift in Sources */,
			);
			runOnlyForDeploymentPostprocessing = 0;
		};
		7E79814A28E8DBFD0064DA4F /* Sources */ = {
			isa = PBXSourcesBuildPhase;
			buildActionMask = 2147483647;
			files = (
				7E79815328E8DBFD0064DA4F /* RayUITests.swift in Sources */,
				7E79815528E8DBFD0064DA4F /* RayUITestsLaunchTests.swift in Sources */,
			);
			runOnlyForDeploymentPostprocessing = 0;
		};
/* End PBXSourcesBuildPhase section */

/* Begin PBXTargetDependency section */
		7E79814628E8DBFD0064DA4F /* PBXTargetDependency */ = {
			isa = PBXTargetDependency;
			target = 7E79813128E8DBFC0064DA4F /* Ray */;
			targetProxy = 7E79814528E8DBFD0064DA4F /* PBXContainerItemProxy */;
		};
		7E79815028E8DBFD0064DA4F /* PBXTargetDependency */ = {
			isa = PBXTargetDependency;
			target = 7E79813128E8DBFC0064DA4F /* Ray */;
			targetProxy = 7E79814F28E8DBFD0064DA4F /* PBXContainerItemProxy */;
		};
/* End PBXTargetDependency section */

/* Begin XCBuildConfiguration section */
		7E79815628E8DBFD0064DA4F /* Debug */ = {
			isa = XCBuildConfiguration;
			buildSettings = {
				ALWAYS_SEARCH_USER_PATHS = NO;
				CLANG_ANALYZER_NONNULL = YES;
				CLANG_ANALYZER_NUMBER_OBJECT_CONVERSION = YES_AGGRESSIVE;
				CLANG_CXX_LANGUAGE_STANDARD = "gnu++20";
				CLANG_ENABLE_MODULES = YES;
				CLANG_ENABLE_OBJC_ARC = YES;
				CLANG_ENABLE_OBJC_WEAK = YES;
				CLANG_WARN_BLOCK_CAPTURE_AUTORELEASING = YES;
				CLANG_WARN_BOOL_CONVERSION = YES;
				CLANG_WARN_COMMA = YES;
				CLANG_WARN_CONSTANT_CONVERSION = YES;
				CLANG_WARN_DEPRECATED_OBJC_IMPLEMENTATIONS = YES;
				CLANG_WARN_DIRECT_OBJC_ISA_USAGE = YES_ERROR;
				CLANG_WARN_DOCUMENTATION_COMMENTS = YES;
				CLANG_WARN_EMPTY_BODY = YES;
				CLANG_WARN_ENUM_CONVERSION = YES;
				CLANG_WARN_INFINITE_RECURSION = YES;
				CLANG_WARN_INT_CONVERSION = YES;
				CLANG_WARN_NON_LITERAL_NULL_CONVERSION = YES;
				CLANG_WARN_OBJC_IMPLICIT_RETAIN_SELF = YES;
				CLANG_WARN_OBJC_LITERAL_CONVERSION = YES;
				CLANG_WARN_OBJC_ROOT_CLASS = YES_ERROR;
				CLANG_WARN_QUOTED_INCLUDE_IN_FRAMEWORK_HEADER = YES;
				CLANG_WARN_RANGE_LOOP_ANALYSIS = YES;
				CLANG_WARN_STRICT_PROTOTYPES = YES;
				CLANG_WARN_SUSPICIOUS_MOVE = YES;
				CLANG_WARN_UNGUARDED_AVAILABILITY = YES_AGGRESSIVE;
				CLANG_WARN_UNREACHABLE_CODE = YES;
				CLANG_WARN__DUPLICATE_METHOD_MATCH = YES;
				COPY_PHASE_STRIP = NO;
				DEBUG_INFORMATION_FORMAT = dwarf;
				ENABLE_STRICT_OBJC_MSGSEND = YES;
				ENABLE_TESTABILITY = YES;
				GCC_C_LANGUAGE_STANDARD = gnu11;
				GCC_DYNAMIC_NO_PIC = NO;
				GCC_NO_COMMON_BLOCKS = YES;
				GCC_OPTIMIZATION_LEVEL = 0;
				GCC_PREPROCESSOR_DEFINITIONS = (
					"DEBUG=1",
					"$(inherited)",
				);
				GCC_WARN_64_TO_32_BIT_CONVERSION = YES;
				GCC_WARN_ABOUT_RETURN_TYPE = YES_ERROR;
				GCC_WARN_UNDECLARED_SELECTOR = YES;
				GCC_WARN_UNINITIALIZED_AUTOS = YES_AGGRESSIVE;
				GCC_WARN_UNUSED_FUNCTION = YES;
				GCC_WARN_UNUSED_VARIABLE = YES;
				IPHONEOS_DEPLOYMENT_TARGET = 16.0;
				MTL_ENABLE_DEBUG_INFO = INCLUDE_SOURCE;
				MTL_FAST_MATH = YES;
				ONLY_ACTIVE_ARCH = YES;
				SDKROOT = iphoneos;
				SWIFT_ACTIVE_COMPILATION_CONDITIONS = DEBUG;
				SWIFT_OPTIMIZATION_LEVEL = "-Onone";
			};
			name = Debug;
		};
		7E79815728E8DBFD0064DA4F /* Release */ = {
			isa = XCBuildConfiguration;
			buildSettings = {
				ALWAYS_SEARCH_USER_PATHS = NO;
				CLANG_ANALYZER_NONNULL = YES;
				CLANG_ANALYZER_NUMBER_OBJECT_CONVERSION = YES_AGGRESSIVE;
				CLANG_CXX_LANGUAGE_STANDARD = "gnu++20";
				CLANG_ENABLE_MODULES = YES;
				CLANG_ENABLE_OBJC_ARC = YES;
				CLANG_ENABLE_OBJC_WEAK = YES;
				CLANG_WARN_BLOCK_CAPTURE_AUTORELEASING = YES;
				CLANG_WARN_BOOL_CONVERSION = YES;
				CLANG_WARN_COMMA = YES;
				CLANG_WARN_CONSTANT_CONVERSION = YES;
				CLANG_WARN_DEPRECATED_OBJC_IMPLEMENTATIONS = YES;
				CLANG_WARN_DIRECT_OBJC_ISA_USAGE = YES_ERROR;
				CLANG_WARN_DOCUMENTATION_COMMENTS = YES;
				CLANG_WARN_EMPTY_BODY = YES;
				CLANG_WARN_ENUM_CONVERSION = YES;
				CLANG_WARN_INFINITE_RECURSION = YES;
				CLANG_WARN_INT_CONVERSION = YES;
				CLANG_WARN_NON_LITERAL_NULL_CONVERSION = YES;
				CLANG_WARN_OBJC_IMPLICIT_RETAIN_SELF = YES;
				CLANG_WARN_OBJC_LITERAL_CONVERSION = YES;
				CLANG_WARN_OBJC_ROOT_CLASS = YES_ERROR;
				CLANG_WARN_QUOTED_INCLUDE_IN_FRAMEWORK_HEADER = YES;
				CLANG_WARN_RANGE_LOOP_ANALYSIS = YES;
				CLANG_WARN_STRICT_PROTOTYPES = YES;
				CLANG_WARN_SUSPICIOUS_MOVE = YES;
				CLANG_WARN_UNGUARDED_AVAILABILITY = YES_AGGRESSIVE;
				CLANG_WARN_UNREACHABLE_CODE = YES;
				CLANG_WARN__DUPLICATE_METHOD_MATCH = YES;
				COPY_PHASE_STRIP = NO;
				DEBUG_INFORMATION_FORMAT = "dwarf-with-dsym";
				ENABLE_NS_ASSERTIONS = NO;
				ENABLE_STRICT_OBJC_MSGSEND = YES;
				GCC_C_LANGUAGE_STANDARD = gnu11;
				GCC_NO_COMMON_BLOCKS = YES;
				GCC_WARN_64_TO_32_BIT_CONVERSION = YES;
				GCC_WARN_ABOUT_RETURN_TYPE = YES_ERROR;
				GCC_WARN_UNDECLARED_SELECTOR = YES;
				GCC_WARN_UNINITIALIZED_AUTOS = YES_AGGRESSIVE;
				GCC_WARN_UNUSED_FUNCTION = YES;
				GCC_WARN_UNUSED_VARIABLE = YES;
				IPHONEOS_DEPLOYMENT_TARGET = 16.0;
				MTL_ENABLE_DEBUG_INFO = NO;
				MTL_FAST_MATH = YES;
				SDKROOT = iphoneos;
				SWIFT_COMPILATION_MODE = wholemodule;
				SWIFT_OPTIMIZATION_LEVEL = "-O";
				VALIDATE_PRODUCT = YES;
			};
			name = Release;
		};
		7E79815928E8DBFD0064DA4F /* Debug */ = {
			isa = XCBuildConfiguration;
			buildSettings = {
				ASSETCATALOG_COMPILER_APPICON_NAME = AppIcon;
				ASSETCATALOG_COMPILER_GLOBAL_ACCENT_COLOR_NAME = AccentColor;
				CODE_SIGN_STYLE = Automatic;
				CURRENT_PROJECT_VERSION = 1;
				DEVELOPMENT_ASSET_PATHS = "\"Ray/Preview Content\"";
				DEVELOPMENT_TEAM = M6NY862F2V;
				ENABLE_PREVIEWS = YES;
				GENERATE_INFOPLIST_FILE = YES;
				INFOPLIST_KEY_NSCameraUsageDescription = "";
				INFOPLIST_KEY_UIApplicationSupportsIndirectInputEvents = YES;
				INFOPLIST_KEY_UILaunchScreen_Generation = YES;
				INFOPLIST_KEY_UIRequiredDeviceCapabilities = arkit;
				INFOPLIST_KEY_UIStatusBarHidden = YES;
				INFOPLIST_KEY_UISupportedInterfaceOrientations_iPad = "UIInterfaceOrientationPortrait UIInterfaceOrientationPortraitUpsideDown UIInterfaceOrientationLandscapeLeft UIInterfaceOrientationLandscapeRight";
				INFOPLIST_KEY_UISupportedInterfaceOrientations_iPhone = "UIInterfaceOrientationPortrait UIInterfaceOrientationLandscapeLeft UIInterfaceOrientationLandscapeRight";
				LD_RUNPATH_SEARCH_PATHS = (
					"$(inherited)",
					"@executable_path/Frameworks",
				);
				MARKETING_VERSION = 1.0;
				PRODUCT_BUNDLE_IDENTIFIER = com.djsamseng.Ray;
				PRODUCT_NAME = "$(TARGET_NAME)";
				SWIFT_EMIT_LOC_STRINGS = YES;
				SWIFT_VERSION = 5.0;
				TARGETED_DEVICE_FAMILY = "1,2";
			};
			name = Debug;
		};
		7E79815A28E8DBFD0064DA4F /* Release */ = {
			isa = XCBuildConfiguration;
			buildSettings = {
				ASSETCATALOG_COMPILER_APPICON_NAME = AppIcon;
				ASSETCATALOG_COMPILER_GLOBAL_ACCENT_COLOR_NAME = AccentColor;
				CODE_SIGN_STYLE = Automatic;
				CURRENT_PROJECT_VERSION = 1;
				DEVELOPMENT_ASSET_PATHS = "\"Ray/Preview Content\"";
				DEVELOPMENT_TEAM = M6NY862F2V;
				ENABLE_PREVIEWS = YES;
				GENERATE_INFOPLIST_FILE = YES;
				INFOPLIST_KEY_NSCameraUsageDescription = "";
				INFOPLIST_KEY_UIApplicationSupportsIndirectInputEvents = YES;
				INFOPLIST_KEY_UILaunchScreen_Generation = YES;
				INFOPLIST_KEY_UIRequiredDeviceCapabilities = arkit;
				INFOPLIST_KEY_UIStatusBarHidden = YES;
				INFOPLIST_KEY_UISupportedInterfaceOrientations_iPad = "UIInterfaceOrientationPortrait UIInterfaceOrientationPortraitUpsideDown UIInterfaceOrientationLandscapeLeft UIInterfaceOrientationLandscapeRight";
				INFOPLIST_KEY_UISupportedInterfaceOrientations_iPhone = "UIInterfaceOrientationPortrait UIInterfaceOrientationLandscapeLeft UIInterfaceOrientationLandscapeRight";
				LD_RUNPATH_SEARCH_PATHS = (
					"$(inherited)",
					"@executable_path/Frameworks",
				);
				MARKETING_VERSION = 1.0;
				PRODUCT_BUNDLE_IDENTIFIER = com.djsamseng.Ray;
				PRODUCT_NAME = "$(TARGET_NAME)";
				SWIFT_EMIT_LOC_STRINGS = YES;
				SWIFT_VERSION = 5.0;
				TARGETED_DEVICE_FAMILY = "1,2";
			};
			name = Release;
		};
		7E79815C28E8DBFD0064DA4F /* Debug */ = {
			isa = XCBuildConfiguration;
			buildSettings = {
				ALWAYS_EMBED_SWIFT_STANDARD_LIBRARIES = YES;
				BUNDLE_LOADER = "$(TEST_HOST)";
				CODE_SIGN_STYLE = Automatic;
				CURRENT_PROJECT_VERSION = 1;
				DEVELOPMENT_TEAM = M6NY862F2V;
				GENERATE_INFOPLIST_FILE = YES;
				IPHONEOS_DEPLOYMENT_TARGET = 16.0;
				MARKETING_VERSION = 1.0;
				PRODUCT_BUNDLE_IDENTIFIER = com.djsamseng.RayTests;
				PRODUCT_NAME = "$(TARGET_NAME)";
				SWIFT_EMIT_LOC_STRINGS = NO;
				SWIFT_VERSION = 5.0;
				TARGETED_DEVICE_FAMILY = "1,2";
				TEST_HOST = "$(BUILT_PRODUCTS_DIR)/Ray.app/$(BUNDLE_EXECUTABLE_FOLDER_PATH)/Ray";
			};
			name = Debug;
		};
		7E79815D28E8DBFD0064DA4F /* Release */ = {
			isa = XCBuildConfiguration;
			buildSettings = {
				ALWAYS_EMBED_SWIFT_STANDARD_LIBRARIES = YES;
				BUNDLE_LOADER = "$(TEST_HOST)";
				CODE_SIGN_STYLE = Automatic;
				CURRENT_PROJECT_VERSION = 1;
				DEVELOPMENT_TEAM = M6NY862F2V;
				GENERATE_INFOPLIST_FILE = YES;
				IPHONEOS_DEPLOYMENT_TARGET = 16.0;
				MARKETING_VERSION = 1.0;
				PRODUCT_BUNDLE_IDENTIFIER = com.djsamseng.RayTests;
				PRODUCT_NAME = "$(TARGET_NAME)";
				SWIFT_EMIT_LOC_STRINGS = NO;
				SWIFT_VERSION = 5.0;
				TARGETED_DEVICE_FAMILY = "1,2";
				TEST_HOST = "$(BUILT_PRODUCTS_DIR)/Ray.app/$(BUNDLE_EXECUTABLE_FOLDER_PATH)/Ray";
			};
			name = Release;
		};
		7E79815F28E8DBFD0064DA4F /* Debug */ = {
			isa = XCBuildConfiguration;
			buildSettings = {
				ALWAYS_EMBED_SWIFT_STANDARD_LIBRARIES = YES;
				CODE_SIGN_STYLE = Automatic;
				CURRENT_PROJECT_VERSION = 1;
				DEVELOPMENT_TEAM = M6NY862F2V;
				GENERATE_INFOPLIST_FILE = YES;
				MARKETING_VERSION = 1.0;
				PRODUCT_BUNDLE_IDENTIFIER = com.djsamseng.RayUITests;
				PRODUCT_NAME = "$(TARGET_NAME)";
				SWIFT_EMIT_LOC_STRINGS = NO;
				SWIFT_VERSION = 5.0;
				TARGETED_DEVICE_FAMILY = "1,2";
				TEST_TARGET_NAME = Ray;
			};
			name = Debug;
		};
		7E79816028E8DBFD0064DA4F /* Release */ = {
			isa = XCBuildConfiguration;
			buildSettings = {
				ALWAYS_EMBED_SWIFT_STANDARD_LIBRARIES = YES;
				CODE_SIGN_STYLE = Automatic;
				CURRENT_PROJECT_VERSION = 1;
				DEVELOPMENT_TEAM = M6NY862F2V;
				GENERATE_INFOPLIST_FILE = YES;
				MARKETING_VERSION = 1.0;
				PRODUCT_BUNDLE_IDENTIFIER = com.djsamseng.RayUITests;
				PRODUCT_NAME = "$(TARGET_NAME)";
				SWIFT_EMIT_LOC_STRINGS = NO;
				SWIFT_VERSION = 5.0;
				TARGETED_DEVICE_FAMILY = "1,2";
				TEST_TARGET_NAME = Ray;
			};
			name = Release;
		};
/* End XCBuildConfiguration section */

/* Begin XCConfigurationList section */
		7E79812D28E8DBFC0064DA4F /* Build configuration list for PBXProject "Ray" */ = {
			isa = XCConfigurationList;
			buildConfigurations = (
				7E79815628E8DBFD0064DA4F /* Debug */,
				7E79815728E8DBFD0064DA4F /* Release */,
			);
			defaultConfigurationIsVisible = 0;
			defaultConfigurationName = Release;
		};
		7E79815828E8DBFD0064DA4F /* Build configuration list for PBXNativeTarget "Ray" */ = {
			isa = XCConfigurationList;
			buildConfigurations = (
				7E79815928E8DBFD0064DA4F /* Debug */,
				7E79815A28E8DBFD0064DA4F /* Release */,
			);
			defaultConfigurationIsVisible = 0;
			defaultConfigurationName = Release;
		};
		7E79815B28E8DBFD0064DA4F /* Build configuration list for PBXNativeTarget "RayTests" */ = {
			isa = XCConfigurationList;
			buildConfigurations = (
				7E79815C28E8DBFD0064DA4F /* Debug */,
				7E79815D28E8DBFD0064DA4F /* Release */,
			);
			defaultConfigurationIsVisible = 0;
			defaultConfigurationName = Release;
		};
		7E79815E28E8DBFD0064DA4F /* Build configuration list for PBXNativeTarget "RayUITests" */ = {
			isa = XCConfigurationList;
			buildConfigurations = (
				7E79815F28E8DBFD0064DA4F /* Debug */,
				7E79816028E8DBFD0064DA4F /* Release */,
			);
			defaultConfigurationIsVisible = 0;
			defaultConfigurationName = Release;
		};
/* End XCConfigurationList section */
	};
	rootObject = 7E79812A28E8DBFC0064DA4F /* Project object */;
}
